
Microsoft Visual Studio Solution File, Format Version 12.00
# Visual Studio Version 17
VisualStudioVersion = 17.13.35828.75 d17.13
MinimumVisualStudioVersion = 10.0.40219.1
Project("{FAE04EC0-301F-11D3-BF4B-00C04F79EFBC}") = "TimelineApp", "TimelineApp\TimelineApp.csproj", "{5883D6B6-46BB-481A-87DE-36E2A9997F9C}"
EndProject
Global
	GlobalSection(SolutionConfigurationPlatforms) = preSolution
		Debug|Any CPU = Debug|Any CPU
		Release|Any CPU = Release|Any CPU
	EndGlobalSection
	GlobalSection(ProjectConfigurationPlatforms) = postSolution
		{5883D6B6-46BB-481A-87DE-36E2A9997F9C}.Debug|Any CPU.ActiveCfg = Debug|Any CPU
		{5883D6B6-46BB-481A-87DE-36E2A9997F9C}.Debug|Any CPU.Build.0 = Debug|Any CPU
		{5883D6B6-46BB-481A-87DE-36E2A9997F9C}.Release|Any CPU.ActiveCfg = Release|Any CPU
		{5883D6B6-46BB-481A-87DE-36E2A9997F9C}.Release|Any CPU.Build.0 = Release|Any CPU
	EndGlobalSection
	GlobalSection(SolutionProperties) = preSolution
		HideSolutionNode = FALSE
	EndGlobalSection
	GlobalSection(ExtensibilityGlobals) = postSolution
		SolutionGuid = {B43D950C-2C45-4512-8523-E11A701BF3FB}
	EndGlobalSection
EndGlobal
